
Microsoft Visual Studio Solution File, Format Version 12.00
# Visual Studio Version 17
VisualStudioVersion = 17.5.33414.496
MinimumVisualStudioVersion = 10.0.40219.1
Project("{FAE04EC0-301F-11D3-BF4B-00C04F79EFBC}") = "TK", "TK\TK.csproj", "{80BF02A4-2E5F-4189-A712-B43EFA80B9B4}"
EndProject
Project("{FAE04EC0-301F-11D3-BF4B-00C04F79EFBC}") = "UnitTest", "UnitTest\UnitTest.csproj", "{4CAF4D0C-E52F-4423-8600-38B996DAE5D2}"
EndProject
Global
	GlobalSection(SolutionConfigurationPlatforms) = preSolution
		Debug|Any CPU = Debug|Any CPU
		Release|Any CPU = Release|Any CPU
	EndGlobalSection
	GlobalSection(ProjectConfigurationPlatforms) = postSolution
		{80BF02A4-2E5F-4189-A712-B43EFA80B9B4}.Debug|Any CPU.ActiveCfg = Debug|Any CPU
		{80BF02A4-2E5F-4189-A712-B43EFA80B9B4}.Debug|Any CPU.Build.0 = Debug|Any CPU
		{80BF02A4-2E5F-4189-A712-B43EFA80B9B4}.Release|Any CPU.ActiveCfg = Release|Any CPU
		{80BF02A4-2E5F-4189-A712-B43EFA80B9B4}.Release|Any CPU.Build.0 = Release|Any CPU
		{4CAF4D0C-E52F-4423-8600-38B996DAE5D2}.Debug|Any CPU.ActiveCfg = Debug|Any CPU
		{4CAF4D0C-E52F-4423-8600-38B996DAE5D2}.Debug|Any CPU.Build.0 = Debug|Any CPU
		{4CAF4D0C-E52F-4423-8600-38B996DAE5D2}.Release|Any CPU.ActiveCfg = Release|Any CPU
		{4CAF4D0C-E52F-4423-8600-38B996DAE5D2}.Release|Any CPU.Build.0 = Release|Any CPU
	EndGlobalSection
	GlobalSection(SolutionProperties) = preSolution
		HideSolutionNode = FALSE
	EndGlobalSection
	GlobalSection(ExtensibilityGlobals) = postSolution
		SolutionGuid = {2B9CCE49-0B93-498B-BDFE-A79BBCB38C14}
	EndGlobalSection
EndGlobal
